
Microsoft Visual Studio Solution File, Format Version 12.00
# Visual Studio Version 17
VisualStudioVersion = 17.14.36109.1 d17.14
MinimumVisualStudioVersion = 10.0.40219.1
Project("{FAE04EC0-301F-11D3-BF4B-00C04F79EFBC}") = "WpfApp7", "WpfApp7\WpfApp7.csproj", "{BEDE4921-C87D-47C7-B078-060EA71D8710}"
EndProject
Global
	GlobalSection(SolutionConfigurationPlatforms) = preSolution
		Debug|Any CPU = Debug|Any CPU
		Release|Any CPU = Release|Any CPU
	EndGlobalSection
	GlobalSection(ProjectConfigurationPlatforms) = postSolution
		{BEDE4921-C87D-47C7-B078-060EA71D8710}.Debug|Any CPU.ActiveCfg = Debug|Any CPU
		{BEDE4921-C87D-47C7-B078-060EA71D8710}.Debug|Any CPU.Build.0 = Debug|Any CPU
		{BEDE4921-C87D-47C7-B078-060EA71D8710}.Release|Any CPU.ActiveCfg = Release|Any CPU
		{BEDE4921-C87D-47C7-B078-060EA71D8710}.Release|Any CPU.Build.0 = Release|Any CPU
	EndGlobalSection
	GlobalSection(SolutionProperties) = preSolution
		HideSolutionNode = FALSE
	EndGlobalSection
	GlobalSection(ExtensibilityGlobals) = postSolution
		SolutionGuid = {CCAB38F0-F5A3-45C2-8221-406326207BCB}
	EndGlobalSection
EndGlobal
